{
  "nodes": {
    "fenix": {
      "inputs": {
        "nixpkgs": [
          "nixpkgs"
        ],
        "rust-analyzer-src": "rust-analyzer-src"
      },
      "locked": {
        "lastModified": 1718519248,
        "narHash": "sha256-TgGnIlhMwZm7mjNOe8UvDyOY3Yl+j7XevTnM/TIMe5c=",
        "owner": "nix-community",
        "repo": "fenix",
        "rev": "4257340c07d3cb3f01f4541a2e0035f45647541f",
        "type": "github"
      },
      "original": {
        "owner": "nix-community",
        "ref": "staging",
        "repo": "fenix",
        "type": "github"
      }
    },
    "nixpkgs": {
      "locked": {
        "lastModified": 1718318537,
        "narHash": "sha256-4Zu0RYRcAY/VWuu6awwq4opuiD//ahpc2aFHg2CWqFY=",
        "owner": "nixos",
        "repo": "nixpkgs",
        "rev": "e9ee548d90ff586a6471b4ae80ae9cfcbceb3420",
        "type": "github"
      },
      "original": {
        "owner": "nixos",
        "ref": "nixos-unstable",
        "repo": "nixpkgs",
        "type": "github"
      }
    },
    "root": {
      "inputs": {
        "fenix": "fenix",
        "nixpkgs": "nixpkgs"
      }
    },
    "rust-analyzer-src": {
      "flake": false,
      "locked": {
        "lastModified": 1718346026,
        "narHash": "sha256-fZiQIYu8qSx1n+71gsfsR7lthm2vNY/d7un/Wmb9tpE=",
        "owner": "rust-lang",
        "repo": "rust-analyzer",
        "rev": "6b8b8ff4c56118ddee6c531cde06add1aad4a6af",
        "type": "github"
      },
      "original": {
        "owner": "rust-lang",
        "ref": "nightly",
        "repo": "rust-analyzer",
        "type": "github"
      }
    }
  },
  "root": "root",
  "version": 7
}
